
Microsoft Visual Studio Solution File, Format Version 12.00
# Visual Studio Version 17
VisualStudioVersion = 17.0.31903.59
MinimumVisualStudioVersion = 10.0.40219.1
Project("{2150E333-8FDC-42A3-9474-1A3956D46DE8}") = "src", "src", "{56824588-90E0-43C8-BBD0-AC183B906994}"
EndProject
Project("{FAE04EC0-301F-11D3-BF4B-00C04F79EFBC}") = "TaskFlow.Api", "src\TaskFlow.Api\TaskFlow.Api.csproj", "{4FF24D67-F316-4FB6-AE0A-3D14297FB6AC}"
EndProject
Project("{FAE04EC0-301F-11D3-BF4B-00C04F79EFBC}") = "TaskFlow.Application", "src\TaskFlow.Application\TaskFlow.Application.csproj", "{F23DD844-9767-4BED-8D88-4D94022EC5CA}"
EndProject
Project("{FAE04EC0-301F-11D3-BF4B-00C04F79EFBC}") = "TaskFlow.Domain", "src\TaskFlow.Domain\TaskFlow.Domain.csproj", "{2CB5CE8C-7051-47CA-9782-72E18041FEA0}"
EndProject
Project("{FAE04EC0-301F-11D3-BF4B-00C04F79EFBC}") = "TaskFlow.Infrastructure", "src\TaskFlow.Infrastructure\TaskFlow.Infrastructure.csproj", "{8CC032D3-13B0-47F1-A0D8-FA6F81503652}"
EndProject
Global
	GlobalSection(SolutionConfigurationPlatforms) = preSolution
		Debug|Any CPU = Debug|Any CPU
		Release|Any CPU = Release|Any CPU
	EndGlobalSection
	GlobalSection(SolutionProperties) = preSolution
		HideSolutionNode = FALSE
	EndGlobalSection
	GlobalSection(ProjectConfigurationPlatforms) = postSolution
		{4FF24D67-F316-4FB6-AE0A-3D14297FB6AC}.Debug|Any CPU.ActiveCfg = Debug|Any CPU
		{4FF24D67-F316-4FB6-AE0A-3D14297FB6AC}.Debug|Any CPU.Build.0 = Debug|Any CPU
		{4FF24D67-F316-4FB6-AE0A-3D14297FB6AC}.Release|Any CPU.ActiveCfg = Release|Any CPU
		{4FF24D67-F316-4FB6-AE0A-3D14297FB6AC}.Release|Any CPU.Build.0 = Release|Any CPU
		{F23DD844-9767-4BED-8D88-4D94022EC5CA}.Debug|Any CPU.ActiveCfg = Debug|Any CPU
		{F23DD844-9767-4BED-8D88-4D94022EC5CA}.Debug|Any CPU.Build.0 = Debug|Any CPU
		{F23DD844-9767-4BED-8D88-4D94022EC5CA}.Release|Any CPU.ActiveCfg = Release|Any CPU
		{F23DD844-9767-4BED-8D88-4D94022EC5CA}.Release|Any CPU.Build.0 = Release|Any CPU
		{2CB5CE8C-7051-47CA-9782-72E18041FEA0}.Debug|Any CPU.ActiveCfg = Debug|Any CPU
		{2CB5CE8C-7051-47CA-9782-72E18041FEA0}.Debug|Any CPU.Build.0 = Debug|Any CPU
		{2CB5CE8C-7051-47CA-9782-72E18041FEA0}.Release|Any CPU.ActiveCfg = Release|Any CPU
		{2CB5CE8C-7051-47CA-9782-72E18041FEA0}.Release|Any CPU.Build.0 = Release|Any CPU
		{8CC032D3-13B0-47F1-A0D8-FA6F81503652}.Debug|Any CPU.ActiveCfg = Debug|Any CPU
		{8CC032D3-13B0-47F1-A0D8-FA6F81503652}.Debug|Any CPU.Build.0 = Debug|Any CPU
		{8CC032D3-13B0-47F1-A0D8-FA6F81503652}.Release|Any CPU.ActiveCfg = Release|Any CPU
		{8CC032D3-13B0-47F1-A0D8-FA6F81503652}.Release|Any CPU.Build.0 = Release|Any CPU
	EndGlobalSection
	GlobalSection(NestedProjects) = preSolution
		{4FF24D67-F316-4FB6-AE0A-3D14297FB6AC} = {56824588-90E0-43C8-BBD0-AC183B906994}
		{F23DD844-9767-4BED-8D88-4D94022EC5CA} = {56824588-90E0-43C8-BBD0-AC183B906994}
		{2CB5CE8C-7051-47CA-9782-72E18041FEA0} = {56824588-90E0-43C8-BBD0-AC183B906994}
		{8CC032D3-13B0-47F1-A0D8-FA6F81503652} = {56824588-90E0-43C8-BBD0-AC183B906994}
	EndGlobalSection
EndGlobal
